
Microsoft Visual Studio Solution File, Format Version 12.00
# Visual Studio 15
VisualStudioVersion = 15.0.28010.2036
MinimumVisualStudioVersion = 10.0.40219.1
Project("{8BC9CEB8-8B4A-11D0-8D11-00A0C91BC942}") = "ShowPlanPointUseGLUT", "openGLtest3\openGLtest3.vcxproj", "{74977EB8-82E4-47C1-91E7-447E10FB9020}"
EndProject
Project("{8BC9CEB8-8B4A-11D0-8D11-00A0C91BC942}") = "Coordinate3D_OK", "openGLtest7\openGLtest7.vcxproj", "{DB069BAD-5B72-4EF9-9C9F-B284884A977F}"
EndProject
Project("{8BC9CEB8-8B4A-11D0-8D11-00A0C91BC942}") = "ShowRecUseGLUT", "openGLtest0\openGLtest0.vcxproj", "{209F2889-7411-4B74-9884-5DD8853069B2}"
EndProject
Project("{8BC9CEB8-8B4A-11D0-8D11-00A0C91BC942}") = "Coordinate3D_test", "openGLtest9\openGLtest9.vcxproj", "{854E64B0-A2D9-4521-9DF6-66E427A26923}"
EndProject
Project("{8BC9CEB8-8B4A-11D0-8D11-00A0C91BC942}") = "allTest", "test\test.vcxproj", "{4544D0D3-552D-42D2-A3C3-9BFB967C75F6}"
EndProject
Project("{8BC9CEB8-8B4A-11D0-8D11-00A0C91BC942}") = "ShowTriUseGLFW3", "openGLtest1\openGLtest1.vcxproj", "{CACCA373-0A1F-46CA-9149-D781861FB6DD}"
EndProject
Project("{8BC9CEB8-8B4A-11D0-8D11-00A0C91BC942}") = "ShowBlackUseGLFW3", "openGLtest2\openGLtest2.vcxproj", "{A8705B38-B0B9-4367-B029-3EBF0FDE8293}"
EndProject
Project("{8BC9CEB8-8B4A-11D0-8D11-00A0C91BC942}") = "ShowTeapUseGLUT", "test3\test3.vcxproj", "{8C6D2B88-269B-4CC7-8AE0-F519FAB01FE4}"
EndProject
Project("{8BC9CEB8-8B4A-11D0-8D11-00A0C91BC942}") = "Win32OpenGLPaint", "openGLWindow\openGLWindow.vcxproj", "{9B314B8D-B038-489F-B897-4A3182752333}"
EndProject
Project("{8BC9CEB8-8B4A-11D0-8D11-00A0C91BC942}") = "Win32OpenGLExm", "OpenGL_WINDOW_OK\OpenGL_WINDOW_OK.vcxproj", "{A13ED34B-A425-4DB0-95A2-F93722E67A71}"
EndProject
Project("{8BC9CEB8-8B4A-11D0-8D11-00A0C91BC942}") = "ReadDataUseArry", "ReadData\ReadData.vcxproj", "{2604F5B2-A575-4289-A9BF-CDDA1EEE1F60}"
EndProject
Project("{8BC9CEB8-8B4A-11D0-8D11-00A0C91BC942}") = "TestForCplusplusClass", "test4\test4.vcxproj", "{A0F73C26-E0A4-47BA-855A-0DC7C91F1CD8}"
EndProject
Project("{8BC9CEB8-8B4A-11D0-8D11-00A0C91BC942}") = "TestForCplusplusHeadFile", "test5\test5.vcxproj", "{C3B15825-2B06-4329-8391-9B1186CFF569}"
EndProject
Project("{8BC9CEB8-8B4A-11D0-8D11-00A0C91BC942}") = "HighTemDraw3d", "matrixModelView1204\src\matrixModelView.vcxproj", "{2E974401-EBF2-439D-A7CD-E66EC7AF15CA}"
EndProject
Project("{8BC9CEB8-8B4A-11D0-8D11-00A0C91BC942}") = "Win32OpenGLRec", "Win32OpenGL-master\Win32OpenGL\Win32OpenGL\Win32OpenGL.vcxproj", "{65F0230B-DA64-4269-BDEA-99E8E17412E8}"
EndProject
Project("{8BC9CEB8-8B4A-11D0-8D11-00A0C91BC942}") = "Win32OpenGLFrameExm", "OpenGLWindowFrame-master\OpenGLWindowFrame.vcxproj", "{95D7BCF4-CA5B-45AB-6C5D-5EFD760AB0C4}"
EndProject
Project("{8BC9CEB8-8B4A-11D0-8D11-00A0C91BC942}") = "Win32OpenGL_multi_window_Exm", "opengl_multi_window_test-master\opengl_multi_window_test.vcxproj", "{CC8B8AF8-9B23-452D-9C38-81FB1F1E06F5}"
EndProject
Project("{8BC9CEB8-8B4A-11D0-8D11-00A0C91BC942}") = "Win32OpenGLEarthExm_x64", "glWin_x64\src\glWin.vcxproj", "{7576421F-07EA-4A04-BAE0-B11D3FE40D33}"
EndProject
Project("{8BC9CEB8-8B4A-11D0-8D11-00A0C91BC942}") = "ConsoleThread", "ConsoleThread\ConsoleThread.vcxproj", "{7EA1BF00-E63D-4582-A135-94F4876CD538}"
EndProject
Project("{8BC9CEB8-8B4A-11D0-8D11-00A0C91BC942}") = "ReadDatauseVector", "ReadDatauseVector\ReadDatauseVector.vcxproj", "{7ABF11DD-7A0A-435D-B263-686185192ACC}"
EndProject
Global
	GlobalSection(SolutionConfigurationPlatforms) = preSolution
		Debug|Any CPU = Debug|Any CPU
		Debug|Win32 = Debug|Win32
		Debug|x64 = Debug|x64
		Debug|x86 = Debug|x86
		Release|Any CPU = Release|Any CPU
		Release|Win32 = Release|Win32
		Release|x64 = Release|x64
		Release|x86 = Release|x86
	EndGlobalSection
	GlobalSection(ProjectConfigurationPlatforms) = postSolution
		{74977EB8-82E4-47C1-91E7-447E10FB9020}.Debug|Any CPU.ActiveCfg = Debug|Win32
		{74977EB8-82E4-47C1-91E7-447E10FB9020}.Debug|Win32.ActiveCfg = Debug|Win32
		{74977EB8-82E4-47C1-91E7-447E10FB9020}.Debug|Win32.Build.0 = Debug|Win32
		{74977EB8-82E4-47C1-91E7-447E10FB9020}.Debug|x64.ActiveCfg = Debug|x64
		{74977EB8-82E4-47C1-91E7-447E10FB9020}.Debug|x64.Build.0 = Debug|x64
		{74977EB8-82E4-47C1-91E7-447E10FB9020}.Debug|x86.ActiveCfg = Debug|Win32
		{74977EB8-82E4-47C1-91E7-447E10FB9020}.Debug|x86.Build.0 = Debug|Win32
		{74977EB8-82E4-47C1-91E7-447E10FB9020}.Release|Any CPU.ActiveCfg = Release|Win32
		{74977EB8-82E4-47C1-91E7-447E10FB9020}.Release|Win32.ActiveCfg = Release|Win32
		{74977EB8-82E4-47C1-91E7-447E10FB9020}.Release|Win32.Build.0 = Release|Win32
		{74977EB8-82E4-47C1-91E7-447E10FB9020}.Release|x64.ActiveCfg = Release|x64
		{74977EB8-82E4-47C1-91E7-447E10FB9020}.Release|x64.Build.0 = Release|x64
		{74977EB8-82E4-47C1-91E7-447E10FB9020}.Release|x86.ActiveCfg = Release|Win32
		{74977EB8-82E4-47C1-91E7-447E10FB9020}.Release|x86.Build.0 = Release|Win32
		{DB069BAD-5B72-4EF9-9C9F-B284884A977F}.Debug|Any CPU.ActiveCfg = Debug|Win32
		{DB069BAD-5B72-4EF9-9C9F-B284884A977F}.Debug|Win32.ActiveCfg = Debug|Win32
		{DB069BAD-5B72-4EF9-9C9F-B284884A977F}.Debug|Win32.Build.0 = Debug|Win32
		{DB069BAD-5B72-4EF9-9C9F-B284884A977F}.Debug|x64.ActiveCfg = Debug|x64
		{DB069BAD-5B72-4EF9-9C9F-B284884A977F}.Debug|x64.Build.0 = Debug|x64
		{DB069BAD-5B72-4EF9-9C9F-B284884A977F}.Debug|x86.ActiveCfg = Debug|Win32
		{DB069BAD-5B72-4EF9-9C9F-B284884A977F}.Debug|x86.Build.0 = Debug|Win32
		{DB069BAD-5B72-4EF9-9C9F-B284884A977F}.Release|Any CPU.ActiveCfg = Release|Win32
		{DB069BAD-5B72-4EF9-9C9F-B284884A977F}.Release|Win32.ActiveCfg = Release|Win32
		{DB069BAD-5B72-4EF9-9C9F-B284884A977F}.Release|Win32.Build.0 = Release|Win32
		{DB069BAD-5B72-4EF9-9C9F-B284884A977F}.Release|x64.ActiveCfg = Release|x64
		{DB069BAD-5B72-4EF9-9C9F-B284884A977F}.Release|x64.Build.0 = Release|x64
		{DB069BAD-5B72-4EF9-9C9F-B284884A977F}.Release|x86.ActiveCfg = Release|Win32
		{DB069BAD-5B72-4EF9-9C9F-B284884A977F}.Release|x86.Build.0 = Release|Win32
		{209F2889-7411-4B74-9884-5DD8853069B2}.Debug|Any CPU.ActiveCfg = Debug|Win32
		{209F2889-7411-4B74-9884-5DD8853069B2}.Debug|Win32.ActiveCfg = Debug|Win32
		{209F2889-7411-4B74-9884-5DD8853069B2}.Debug|Win32.Build.0 = Debug|Win32
		{209F2889-7411-4B74-9884-5DD8853069B2}.Debug|x64.ActiveCfg = Debug|x64
		{209F2889-7411-4B74-9884-5DD8853069B2}.Debug|x64.Build.0 = Debug|x64
		{209F2889-7411-4B74-9884-5DD8853069B2}.Debug|x86.ActiveCfg = Debug|Win32
		{209F2889-7411-4B74-9884-5DD8853069B2}.Debug|x86.Build.0 = Debug|Win32
		{209F2889-7411-4B74-9884-5DD8853069B2}.Release|Any CPU.ActiveCfg = Release|Win32
		{209F2889-7411-4B74-9884-5DD8853069B2}.Release|Win32.ActiveCfg = Release|Win32
		{209F2889-7411-4B74-9884-5DD8853069B2}.Release|Win32.Build.0 = Release|Win32
		{209F2889-7411-4B74-9884-5DD8853069B2}.Release|x64.ActiveCfg = Release|x64
		{209F2889-7411-4B74-9884-5DD8853069B2}.Release|x64.Build.0 = Release|x64
		{209F2889-7411-4B74-9884-5DD8853069B2}.Release|x86.ActiveCfg = Release|Win32
		{209F2889-7411-4B74-9884-5DD8853069B2}.Release|x86.Build.0 = Release|Win32
		{854E64B0-A2D9-4521-9DF6-66E427A26923}.Debug|Any CPU.ActiveCfg = Debug|Win32
		{854E64B0-A2D9-4521-9DF6-66E427A26923}.Debug|Win32.ActiveCfg = Debug|Win32
		{854E64B0-A2D9-4521-9DF6-66E427A26923}.Debug|Win32.Build.0 = Debug|Win32
		{854E64B0-A2D9-4521-9DF6-66E427A26923}.Debug|x64.ActiveCfg = Debug|x64
		{854E64B0-A2D9-4521-9DF6-66E427A26923}.Debug|x64.Build.0 = Debug|x64
		{854E64B0-A2D9-4521-9DF6-66E427A26923}.Debug|x86.ActiveCfg = Debug|Win32
		{854E64B0-A2D9-4521-9DF6-66E427A26923}.Debug|x86.Build.0 = Debug|Win32
		{854E64B0-A2D9-4521-9DF6-66E427A26923}.Release|Any CPU.ActiveCfg = Release|Win32
		{854E64B0-A2D9-4521-9DF6-66E427A26923}.Release|Win32.ActiveCfg = Release|Win32
		{854E64B0-A2D9-4521-9DF6-66E427A26923}.Release|Win32.Build.0 = Release|Win32
		{854E64B0-A2D9-4521-9DF6-66E427A26923}.Release|x64.ActiveCfg = Release|x64
		{854E64B0-A2D9-4521-9DF6-66E427A26923}.Release|x64.Build.0 = Release|x64
		{854E64B0-A2D9-4521-9DF6-66E427A26923}.Release|x86.ActiveCfg = Release|Win32
		{854E64B0-A2D9-4521-9DF6-66E427A26923}.Release|x86.Build.0 = Release|Win32
		{4544D0D3-552D-42D2-A3C3-9BFB967C75F6}.Debug|Any CPU.ActiveCfg = Debug|Win32
		{4544D0D3-552D-42D2-A3C3-9BFB967C75F6}.Debug|Win32.ActiveCfg = Debug|Win32
		{4544D0D3-552D-42D2-A3C3-9BFB967C75F6}.Debug|Win32.Build.0 = Debug|Win32
		{4544D0D3-552D-42D2-A3C3-9BFB967C75F6}.Debug|x64.ActiveCfg = Debug|x64
		{4544D0D3-552D-42D2-A3C3-9BFB967C75F6}.Debug|x64.Build.0 = Debug|x64
		{4544D0D3-552D-42D2-A3C3-9BFB967C75F6}.Debug|x86.ActiveCfg = Debug|Win32
		{4544D0D3-552D-42D2-A3C3-9BFB967C75F6}.Debug|x86.Build.0 = Debug|Win32
		{4544D0D3-552D-42D2-A3C3-9BFB967C75F6}.Release|Any CPU.ActiveCfg = Release|Win32
		{4544D0D3-552D-42D2-A3C3-9BFB967C75F6}.Release|Win32.ActiveCfg = Release|Win32
		{4544D0D3-552D-42D2-A3C3-9BFB967C75F6}.Release|Win32.Build.0 = Release|Win32
		{4544D0D3-552D-42D2-A3C3-9BFB967C75F6}.Release|x64.ActiveCfg = Release|x64
		{4544D0D3-552D-42D2-A3C3-9BFB967C75F6}.Release|x64.Build.0 = Release|x64
		{4544D0D3-552D-42D2-A3C3-9BFB967C75F6}.Release|x86.ActiveCfg = Release|Win32
		{4544D0D3-552D-42D2-A3C3-9BFB967C75F6}.Release|x86.Build.0 = Release|Win32
		{CACCA373-0A1F-46CA-9149-D781861FB6DD}.Debug|Any CPU.ActiveCfg = Debug|Win32
		{CACCA373-0A1F-46CA-9149-D781861FB6DD}.Debug|Win32.ActiveCfg = Debug|Win32
		{CACCA373-0A1F-46CA-9149-D781861FB6DD}.Debug|Win32.Build.0 = Debug|Win32
		{CACCA373-0A1F-46CA-9149-D781861FB6DD}.Debug|x64.ActiveCfg = Debug|x64
		{CACCA373-0A1F-46CA-9149-D781861FB6DD}.Debug|x64.Build.0 = Debug|x64
		{CACCA373-0A1F-46CA-9149-D781861FB6DD}.Debug|x86.ActiveCfg = Debug|Win32
		{CACCA373-0A1F-46CA-9149-D781861FB6DD}.Debug|x86.Build.0 = Debug|Win32
		{CACCA373-0A1F-46CA-9149-D781861FB6DD}.Release|Any CPU.ActiveCfg = Release|Win32
		{CACCA373-0A1F-46CA-9149-D781861FB6DD}.Release|Win32.ActiveCfg = Release|Win32
		{CACCA373-0A1F-46CA-9149-D781861FB6DD}.Release|Win32.Build.0 = Release|Win32
		{CACCA373-0A1F-46CA-9149-D781861FB6DD}.Release|x64.ActiveCfg = Release|x64
		{CACCA373-0A1F-46CA-9149-D781861FB6DD}.Release|x64.Build.0 = Release|x64
		{CACCA373-0A1F-46CA-9149-D781861FB6DD}.Release|x86.ActiveCfg = Release|Win32
		{CACCA373-0A1F-46CA-9149-D781861FB6DD}.Release|x86.Build.0 = Release|Win32
		{A8705B38-B0B9-4367-B029-3EBF0FDE8293}.Debug|Any CPU.ActiveCfg = Debug|Win32
		{A8705B38-B0B9-4367-B029-3EBF0FDE8293}.Debug|Win32.ActiveCfg = Debug|Win32
		{A8705B38-B0B9-4367-B029-3EBF0FDE8293}.Debug|Win32.Build.0 = Debug|Win32
		{A8705B38-B0B9-4367-B029-3EBF0FDE8293}.Debug|x64.ActiveCfg = Debug|x64
		{A8705B38-B0B9-4367-B029-3EBF0FDE8293}.Debug|x64.Build.0 = Debug|x64
		{A8705B38-B0B9-4367-B029-3EBF0FDE8293}.Debug|x86.ActiveCfg = Debug|Win32
		{A8705B38-B0B9-4367-B029-3EBF0FDE8293}.Debug|x86.Build.0 = Debug|Win32
		{A8705B38-B0B9-4367-B029-3EBF0FDE8293}.Release|Any CPU.ActiveCfg = Release|Win32
		{A8705B38-B0B9-4367-B029-3EBF0FDE8293}.Release|Win32.ActiveCfg = Release|Win32
		{A8705B38-B0B9-4367-B029-3EBF0FDE8293}.Release|Win32.Build.0 = Release|Win32
		{A8705B38-B0B9-4367-B029-3EBF0FDE8293}.Release|x64.ActiveCfg = Release|x64
		{A8705B38-B0B9-4367-B029-3EBF0FDE8293}.Release|x64.Build.0 = Release|x64
		{A8705B38-B0B9-4367-B029-3EBF0FDE8293}.Release|x86.ActiveCfg = Release|Win32
		{A8705B38-B0B9-4367-B029-3EBF0FDE8293}.Release|x86.Build.0 = Release|Win32
		{8C6D2B88-269B-4CC7-8AE0-F519FAB01FE4}.Debug|Any CPU.ActiveCfg = Debug|Win32
		{8C6D2B88-269B-4CC7-8AE0-F519FAB01FE4}.Debug|Win32.ActiveCfg = Debug|Win32
		{8C6D2B88-269B-4CC7-8AE0-F519FAB01FE4}.Debug|Win32.Build.0 = Debug|Win32
		{8C6D2B88-269B-4CC7-8AE0-F519FAB01FE4}.Debug|x64.ActiveCfg = Debug|x64
		{8C6D2B88-269B-4CC7-8AE0-F519FAB01FE4}.Debug|x64.Build.0 = Debug|x64
		{8C6D2B88-269B-4CC7-8AE0-F519FAB01FE4}.Debug|x86.ActiveCfg = Debug|Win32
		{8C6D2B88-269B-4CC7-8AE0-F519FAB01FE4}.Debug|x86.Build.0 = Debug|Win32
		{8C6D2B88-269B-4CC7-8AE0-F519FAB01FE4}.Release|Any CPU.ActiveCfg = Release|Win32
		{8C6D2B88-269B-4CC7-8AE0-F519FAB01FE4}.Release|Win32.ActiveCfg = Release|Win32
		{8C6D2B88-269B-4CC7-8AE0-F519FAB01FE4}.Release|Win32.Build.0 = Release|Win32
		{8C6D2B88-269B-4CC7-8AE0-F519FAB01FE4}.Release|x64.ActiveCfg = Release|x64
		{8C6D2B88-269B-4CC7-8AE0-F519FAB01FE4}.Release|x64.Build.0 = Release|x64
		{8C6D2B88-269B-4CC7-8AE0-F519FAB01FE4}.Release|x86.ActiveCfg = Release|Win32
		{8C6D2B88-269B-4CC7-8AE0-F519FAB01FE4}.Release|x86.Build.0 = Release|Win32
		{9B314B8D-B038-489F-B897-4A3182752333}.Debug|Any CPU.ActiveCfg = Debug|Win32
		{9B314B8D-B038-489F-B897-4A3182752333}.Debug|Win32.ActiveCfg = Debug|Win32
		{9B314B8D-B038-489F-B897-4A3182752333}.Debug|Win32.Build.0 = Debug|Win32
		{9B314B8D-B038-489F-B897-4A3182752333}.Debug|x64.ActiveCfg = Debug|x64
		{9B314B8D-B038-489F-B897-4A3182752333}.Debug|x64.Build.0 = Debug|x64
		{9B314B8D-B038-489F-B897-4A3182752333}.Debug|x86.ActiveCfg = Debug|Win32
		{9B314B8D-B038-489F-B897-4A3182752333}.Debug|x86.Build.0 = Debug|Win32
		{9B314B8D-B038-489F-B897-4A3182752333}.Release|Any CPU.ActiveCfg = Release|Win32
		{9B314B8D-B038-489F-B897-4A3182752333}.Release|Win32.ActiveCfg = Release|Win32
		{9B314B8D-B038-489F-B897-4A3182752333}.Release|Win32.Build.0 = Release|Win32
		{9B314B8D-B038-489F-B897-4A3182752333}.Release|x64.ActiveCfg = Release|x64
		{9B314B8D-B038-489F-B897-4A3182752333}.Release|x64.Build.0 = Release|x64
		{9B314B8D-B038-489F-B897-4A3182752333}.Release|x86.ActiveCfg = Release|Win32
		{9B314B8D-B038-489F-B897-4A3182752333}.Release|x86.Build.0 = Release|Win32
		{A13ED34B-A425-4DB0-95A2-F93722E67A71}.Debug|Any CPU.ActiveCfg = Debug|Win32
		{A13ED34B-A425-4DB0-95A2-F93722E67A71}.Debug|Win32.ActiveCfg = Debug|Win32
		{A13ED34B-A425-4DB0-95A2-F93722E67A71}.Debug|Win32.Build.0 = Debug|Win32
		{A13ED34B-A425-4DB0-95A2-F93722E67A71}.Debug|x64.ActiveCfg = Debug|x64
		{A13ED34B-A425-4DB0-95A2-F93722E67A71}.Debug|x64.Build.0 = Debug|x64
		{A13ED34B-A425-4DB0-95A2-F93722E67A71}.Debug|x86.ActiveCfg = Debug|Win32
		{A13ED34B-A425-4DB0-95A2-F93722E67A71}.Debug|x86.Build.0 = Debug|Win32
		{A13ED34B-A425-4DB0-95A2-F93722E67A71}.Release|Any CPU.ActiveCfg = Release|Win32
		{A13ED34B-A425-4DB0-95A2-F93722E67A71}.Release|Win32.ActiveCfg = Release|Win32
		{A13ED34B-A425-4DB0-95A2-F93722E67A71}.Release|Win32.Build.0 = Release|Win32
		{A13ED34B-A425-4DB0-95A2-F93722E67A71}.Release|x64.ActiveCfg = Release|x64
		{A13ED34B-A425-4DB0-95A2-F93722E67A71}.Release|x64.Build.0 = Release|x64
		{A13ED34B-A425-4DB0-95A2-F93722E67A71}.Release|x86.ActiveCfg = Release|Win32
		{A13ED34B-A425-4DB0-95A2-F93722E67A71}.Release|x86.Build.0 = Release|Win32
		{2604F5B2-A575-4289-A9BF-CDDA1EEE1F60}.Debug|Any CPU.ActiveCfg = Debug|Win32
		{2604F5B2-A575-4289-A9BF-CDDA1EEE1F60}.Debug|Win32.ActiveCfg = Debug|Win32
		{2604F5B2-A575-4289-A9BF-CDDA1EEE1F60}.Debug|Win32.Build.0 = Debug|Win32
		{2604F5B2-A575-4289-A9BF-CDDA1EEE1F60}.Debug|x64.ActiveCfg = Debug|x64
		{2604F5B2-A575-4289-A9BF-CDDA1EEE1F60}.Debug|x64.Build.0 = Debug|x64
		{2604F5B2-A575-4289-A9BF-CDDA1EEE1F60}.Debug|x86.ActiveCfg = Debug|Win32
		{2604F5B2-A575-4289-A9BF-CDDA1EEE1F60}.Debug|x86.Build.0 = Debug|Win32
		{2604F5B2-A575-4289-A9BF-CDDA1EEE1F60}.Release|Any CPU.ActiveCfg = Release|Win32
		{2604F5B2-A575-4289-A9BF-CDDA1EEE1F60}.Release|Win32.ActiveCfg = Release|Win32
		{2604F5B2-A575-4289-A9BF-CDDA1EEE1F60}.Release|Win32.Build.0 = Release|Win32
		{2604F5B2-A575-4289-A9BF-CDDA1EEE1F60}.Release|x64.ActiveCfg = Release|x64
		{2604F5B2-A575-4289-A9BF-CDDA1EEE1F60}.Release|x64.Build.0 = Release|x64
		{2604F5B2-A575-4289-A9BF-CDDA1EEE1F60}.Release|x86.ActiveCfg = Release|Win32
		{2604F5B2-A575-4289-A9BF-CDDA1EEE1F60}.Release|x86.Build.0 = Release|Win32
		{A0F73C26-E0A4-47BA-855A-0DC7C91F1CD8}.Debug|Any CPU.ActiveCfg = Debug|Win32
		{A0F73C26-E0A4-47BA-855A-0DC7C91F1CD8}.Debug|Win32.ActiveCfg = Debug|Win32
		{A0F73C26-E0A4-47BA-855A-0DC7C91F1CD8}.Debug|Win32.Build.0 = Debug|Win32
		{A0F73C26-E0A4-47BA-855A-0DC7C91F1CD8}.Debug|x64.ActiveCfg = Debug|x64
		{A0F73C26-E0A4-47BA-855A-0DC7C91F1CD8}.Debug|x64.Build.0 = Debug|x64
		{A0F73C26-E0A4-47BA-855A-0DC7C91F1CD8}.Debug|x86.ActiveCfg = Debug|Win32
		{A0F73C26-E0A4-47BA-855A-0DC7C91F1CD8}.Debug|x86.Build.0 = Debug|Win32
		{A0F73C26-E0A4-47BA-855A-0DC7C91F1CD8}.Release|Any CPU.ActiveCfg = Release|Win32
		{A0F73C26-E0A4-47BA-855A-0DC7C91F1CD8}.Release|Win32.ActiveCfg = Release|Win32
		{A0F73C26-E0A4-47BA-855A-0DC7C91F1CD8}.Release|Win32.Build.0 = Release|Win32
		{A0F73C26-E0A4-47BA-855A-0DC7C91F1CD8}.Release|x64.ActiveCfg = Release|x64
		{A0F73C26-E0A4-47BA-855A-0DC7C91F1CD8}.Release|x64.Build.0 = Release|x64
		{A0F73C26-E0A4-47BA-855A-0DC7C91F1CD8}.Release|x86.ActiveCfg = Release|Win32
		{A0F73C26-E0A4-47BA-855A-0DC7C91F1CD8}.Release|x86.Build.0 = Release|Win32
		{C3B15825-2B06-4329-8391-9B1186CFF569}.Debug|Any CPU.ActiveCfg = Debug|Win32
		{C3B15825-2B06-4329-8391-9B1186CFF569}.Debug|Win32.ActiveCfg = Debug|Win32
		{C3B15825-2B06-4329-8391-9B1186CFF569}.Debug|Win32.Build.0 = Debug|Win32
		{C3B15825-2B06-4329-8391-9B1186CFF569}.Debug|x64.ActiveCfg = Debug|x64
		{C3B15825-2B06-4329-8391-9B1186CFF569}.Debug|x64.Build.0 = Debug|x64
		{C3B15825-2B06-4329-8391-9B1186CFF569}.Debug|x86.ActiveCfg = Debug|Win32
		{C3B15825-2B06-4329-8391-9B1186CFF569}.Debug|x86.Build.0 = Debug|Win32
		{C3B15825-2B06-4329-8391-9B1186CFF569}.Release|Any CPU.ActiveCfg = Release|Win32
		{C3B15825-2B06-4329-8391-9B1186CFF569}.Release|Win32.ActiveCfg = Release|Win32
		{C3B15825-2B06-4329-8391-9B1186CFF569}.Release|Win32.Build.0 = Release|Win32
		{C3B15825-2B06-4329-8391-9B1186CFF569}.Release|x64.ActiveCfg = Release|x64
		{C3B15825-2B06-4329-8391-9B1186CFF569}.Release|x64.Build.0 = Release|x64
		{C3B15825-2B06-4329-8391-9B1186CFF569}.Release|x86.ActiveCfg = Release|Win32
		{C3B15825-2B06-4329-8391-9B1186CFF569}.Release|x86.Build.0 = Release|Win32
		{2E974401-EBF2-439D-A7CD-E66EC7AF15CA}.Debug|Any CPU.ActiveCfg = Debug|Win32
		{2E974401-EBF2-439D-A7CD-E66EC7AF15CA}.Debug|Win32.ActiveCfg = Debug|Win32
		{2E974401-EBF2-439D-A7CD-E66EC7AF15CA}.Debug|Win32.Build.0 = Debug|Win32
		{2E974401-EBF2-439D-A7CD-E66EC7AF15CA}.Debug|x64.ActiveCfg = Debug|x64
		{2E974401-EBF2-439D-A7CD-E66EC7AF15CA}.Debug|x64.Build.0 = Debug|x64
		{2E974401-EBF2-439D-A7CD-E66EC7AF15CA}.Debug|x86.ActiveCfg = Debug|Win32
		{2E974401-EBF2-439D-A7CD-E66EC7AF15CA}.Debug|x86.Build.0 = Debug|Win32
		{2E974401-EBF2-439D-A7CD-E66EC7AF15CA}.Release|Any CPU.ActiveCfg = Release|Win32
		{2E974401-EBF2-439D-A7CD-E66EC7AF15CA}.Release|Win32.ActiveCfg = Release|Win32
		{2E974401-EBF2-439D-A7CD-E66EC7AF15CA}.Release|Win32.Build.0 = Release|Win32
		{2E974401-EBF2-439D-A7CD-E66EC7AF15CA}.Release|x64.ActiveCfg = Release|x64
		{2E974401-EBF2-439D-A7CD-E66EC7AF15CA}.Release|x64.Build.0 = Release|x64
		{2E974401-EBF2-439D-A7CD-E66EC7AF15CA}.Release|x86.ActiveCfg = Release|Win32
		{2E974401-EBF2-439D-A7CD-E66EC7AF15CA}.Release|x86.Build.0 = Release|Win32
		{65F0230B-DA64-4269-BDEA-99E8E17412E8}.Debug|Any CPU.ActiveCfg = Debug|Win32
		{65F0230B-DA64-4269-BDEA-99E8E17412E8}.Debug|Win32.ActiveCfg = Debug|Win32
		{65F0230B-DA64-4269-BDEA-99E8E17412E8}.Debug|Win32.Build.0 = Debug|Win32
		{65F0230B-DA64-4269-BDEA-99E8E17412E8}.Debug|x64.ActiveCfg = Debug|Win32
		{65F0230B-DA64-4269-BDEA-99E8E17412E8}.Debug|x86.ActiveCfg = Debug|Win32
		{65F0230B-DA64-4269-BDEA-99E8E17412E8}.Debug|x86.Build.0 = Debug|Win32
		{65F0230B-DA64-4269-BDEA-99E8E17412E8}.Release|Any CPU.ActiveCfg = Release|Win32
		{65F0230B-DA64-4269-BDEA-99E8E17412E8}.Release|Win32.ActiveCfg = Release|Win32
		{65F0230B-DA64-4269-BDEA-99E8E17412E8}.Release|Win32.Build.0 = Release|Win32
		{65F0230B-DA64-4269-BDEA-99E8E17412E8}.Release|x64.ActiveCfg = Release|Win32
		{65F0230B-DA64-4269-BDEA-99E8E17412E8}.Release|x86.ActiveCfg = Release|Win32
		{65F0230B-DA64-4269-BDEA-99E8E17412E8}.Release|x86.Build.0 = Release|Win32
		{95D7BCF4-CA5B-45AB-6C5D-5EFD760AB0C4}.Debug|Any CPU.ActiveCfg = Debug|Win32
		{95D7BCF4-CA5B-45AB-6C5D-5EFD760AB0C4}.Debug|Win32.ActiveCfg = Debug|Win32
		{95D7BCF4-CA5B-45AB-6C5D-5EFD760AB0C4}.Debug|Win32.Build.0 = Debug|Win32
		{95D7BCF4-CA5B-45AB-6C5D-5EFD760AB0C4}.Debug|x64.ActiveCfg = Debug|Win32
		{95D7BCF4-CA5B-45AB-6C5D-5EFD760AB0C4}.Debug|x86.ActiveCfg = Debug|Win32
		{95D7BCF4-CA5B-45AB-6C5D-5EFD760AB0C4}.Debug|x86.Build.0 = Debug|Win32
		{95D7BCF4-CA5B-45AB-6C5D-5EFD760AB0C4}.Release|Any CPU.ActiveCfg = Release|Win32
		{95D7BCF4-CA5B-45AB-6C5D-5EFD760AB0C4}.Release|Win32.ActiveCfg = Release|Win32
		{95D7BCF4-CA5B-45AB-6C5D-5EFD760AB0C4}.Release|Win32.Build.0 = Release|Win32
		{95D7BCF4-CA5B-45AB-6C5D-5EFD760AB0C4}.Release|x64.ActiveCfg = Release|Win32
		{95D7BCF4-CA5B-45AB-6C5D-5EFD760AB0C4}.Release|x86.ActiveCfg = Release|Win32
		{95D7BCF4-CA5B-45AB-6C5D-5EFD760AB0C4}.Release|x86.Build.0 = Release|Win32
		{CC8B8AF8-9B23-452D-9C38-81FB1F1E06F5}.Debug|Any CPU.ActiveCfg = Debug|Win32
		{CC8B8AF8-9B23-452D-9C38-81FB1F1E06F5}.Debug|Win32.ActiveCfg = Debug|Win32
		{CC8B8AF8-9B23-452D-9C38-81FB1F1E06F5}.Debug|Win32.Build.0 = Debug|Win32
		{CC8B8AF8-9B23-452D-9C38-81FB1F1E06F5}.Debug|x64.ActiveCfg = Debug|Win32
		{CC8B8AF8-9B23-452D-9C38-81FB1F1E06F5}.Debug|x86.ActiveCfg = Debug|Win32
		{CC8B8AF8-9B23-452D-9C38-81FB1F1E06F5}.Debug|x86.Build.0 = Debug|Win32
		{CC8B8AF8-9B23-452D-9C38-81FB1F1E06F5}.Release|Any CPU.ActiveCfg = Release|Win32
		{CC8B8AF8-9B23-452D-9C38-81FB1F1E06F5}.Release|Win32.ActiveCfg = Release|Win32
		{CC8B8AF8-9B23-452D-9C38-81FB1F1E06F5}.Release|Win32.Build.0 = Release|Win32
		{CC8B8AF8-9B23-452D-9C38-81FB1F1E06F5}.Release|x64.ActiveCfg = Release|Win32
		{CC8B8AF8-9B23-452D-9C38-81FB1F1E06F5}.Release|x86.ActiveCfg = Release|Win32
		{CC8B8AF8-9B23-452D-9C38-81FB1F1E06F5}.Release|x86.Build.0 = Release|Win32
		{7576421F-07EA-4A04-BAE0-B11D3FE40D33}.Debug|Any CPU.ActiveCfg = Debug|Win32
		{7576421F-07EA-4A04-BAE0-B11D3FE40D33}.Debug|Win32.ActiveCfg = Debug|Win32
		{7576421F-07EA-4A04-BAE0-B11D3FE40D33}.Debug|Win32.Build.0 = Debug|Win32
		{7576421F-07EA-4A04-BAE0-B11D3FE40D33}.Debug|x64.ActiveCfg = Debug|x64
		{7576421F-07EA-4A04-BAE0-B11D3FE40D33}.Debug|x64.Build.0 = Debug|x64
		{7576421F-07EA-4A04-BAE0-B11D3FE40D33}.Debug|x86.ActiveCfg = Debug|Win32
		{7576421F-07EA-4A04-BAE0-B11D3FE40D33}.Debug|x86.Build.0 = Debug|Win32
		{7576421F-07EA-4A04-BAE0-B11D3FE40D33}.Release|Any CPU.ActiveCfg = Release|Win32
		{7576421F-07EA-4A04-BAE0-B11D3FE40D33}.Release|Win32.ActiveCfg = Release|Win32
		{7576421F-07EA-4A04-BAE0-B11D3FE40D33}.Release|Win32.Build.0 = Release|Win32
		{7576421F-07EA-4A04-BAE0-B11D3FE40D33}.Release|x64.ActiveCfg = Release|x64
		{7576421F-07EA-4A04-BAE0-B11D3FE40D33}.Release|x64.Build.0 = Release|x64
		{7576421F-07EA-4A04-BAE0-B11D3FE40D33}.Release|x86.ActiveCfg = Release|Win32
		{7576421F-07EA-4A04-BAE0-B11D3FE40D33}.Release|x86.Build.0 = Release|Win32
		{7EA1BF00-E63D-4582-A135-94F4876CD538}.Debug|Any CPU.ActiveCfg = Debug|Win32
		{7EA1BF00-E63D-4582-A135-94F4876CD538}.Debug|Win32.ActiveCfg = Debug|Win32
		{7EA1BF00-E63D-4582-A135-94F4876CD538}.Debug|Win32.Build.0 = Debug|Win32
		{7EA1BF00-E63D-4582-A135-94F4876CD538}.Debug|x64.ActiveCfg = Debug|x64
		{7EA1BF00-E63D-4582-A135-94F4876CD538}.Debug|x64.Build.0 = Debug|x64
		{7EA1BF00-E63D-4582-A135-94F4876CD538}.Debug|x86.ActiveCfg = Debug|Win32
		{7EA1BF00-E63D-4582-A135-94F4876CD538}.Debug|x86.Build.0 = Debug|Win32
		{7EA1BF00-E63D-4582-A135-94F4876CD538}.Release|Any CPU.ActiveCfg = Release|Win32
		{7EA1BF00-E63D-4582-A135-94F4876CD538}.Release|Win32.ActiveCfg = Release|Win32
		{7EA1BF00-E63D-4582-A135-94F4876CD538}.Release|Win32.Build.0 = Release|Win32
		{7EA1BF00-E63D-4582-A135-94F4876CD538}.Release|x64.ActiveCfg = Release|x64
		{7EA1BF00-E63D-4582-A135-94F4876CD538}.Release|x64.Build.0 = Release|x64
		{7EA1BF00-E63D-4582-A135-94F4876CD538}.Release|x86.ActiveCfg = Release|Win32
		{7EA1BF00-E63D-4582-A135-94F4876CD538}.Release|x86.Build.0 = Release|Win32
		{7ABF11DD-7A0A-435D-B263-686185192ACC}.Debug|Any CPU.ActiveCfg = Debug|Win32
		{7ABF11DD-7A0A-435D-B263-686185192ACC}.Debug|Win32.ActiveCfg = Debug|Win32
		{7ABF11DD-7A0A-435D-B263-686185192ACC}.Debug|Win32.Build.0 = Debug|Win32
		{7ABF11DD-7A0A-435D-B263-686185192ACC}.Debug|x64.ActiveCfg = Debug|x64
		{7ABF11DD-7A0A-435D-B263-686185192ACC}.Debug|x64.Build.0 = Debug|x64
		{7ABF11DD-7A0A-435D-B263-686185192ACC}.Debug|x86.ActiveCfg = Debug|Win32
		{7ABF11DD-7A0A-435D-B263-686185192ACC}.Debug|x86.Build.0 = Debug|Win32
		{7ABF11DD-7A0A-435D-B263-686185192ACC}.Release|Any CPU.ActiveCfg = Release|Win32
		{7ABF11DD-7A0A-435D-B263-686185192ACC}.Release|Win32.ActiveCfg = Release|Win32
		{7ABF11DD-7A0A-435D-B263-686185192ACC}.Release|Win32.Build.0 = Release|Win32
		{7ABF11DD-7A0A-435D-B263-686185192ACC}.Release|x64.ActiveCfg = Release|x64
		{7ABF11DD-7A0A-435D-B263-686185192ACC}.Release|x64.Build.0 = Release|x64
		{7ABF11DD-7A0A-435D-B263-686185192ACC}.Release|x86.ActiveCfg = Release|Win32
		{7ABF11DD-7A0A-435D-B263-686185192ACC}.Release|x86.Build.0 = Release|Win32
	EndGlobalSection
	GlobalSection(SolutionProperties) = preSolution
		HideSolutionNode = FALSE
	EndGlobalSection
	GlobalSection(ExtensibilityGlobals) = postSolution
		SolutionGuid = {4AA1A808-7D76-4E04-A4A9-17085AF6BE02}
	EndGlobalSection
EndGlobal
