
Microsoft Visual Studio Solution File, Format Version 12.00
# Visual Studio 15
VisualStudioVersion = 15.0.28010.2036
MinimumVisualStudioVersion = 10.0.40219.1
Project("{8BC9CEB8-8B4A-11D0-8D11-00A0C91BC942}") = "openGLtest3", "openGLtest3\openGLtest3.vcxproj", "{74977EB8-82E4-47C1-91E7-447E10FB9020}"
EndProject
Project("{8BC9CEB8-8B4A-11D0-8D11-00A0C91BC942}") = "openGLtest4", "openGLtest4\openGLtest4.vcxproj", "{153EDE23-70C1-4558-9953-A36DC73AF3A5}"
EndProject
Project("{8BC9CEB8-8B4A-11D0-8D11-00A0C91BC942}") = "openGLtest5_points", "openGLtest5_points\openGLtest5_points.vcxproj", "{7073BE1F-6FB0-4CD2-8F4D-E554629CB75E}"
EndProject
Project("{8BC9CEB8-8B4A-11D0-8D11-00A0C91BC942}") = "ConsoleApplication2", "ConsoleApplication2\ConsoleApplication2.vcxproj", "{C9EA3BFA-5478-43DA-B0FD-17D18B3B5F23}"
EndProject
Project("{8BC9CEB8-8B4A-11D0-8D11-00A0C91BC942}") = "openGLtest6", "openGLtest6\openGLtest6.vcxproj", "{0451F6C3-3FF6-4A05-862B-A5EA052D6AEC}"
EndProject
Project("{8BC9CEB8-8B4A-11D0-8D11-00A0C91BC942}") = "Coordinate3D_1", "openGLtest7\openGLtest7.vcxproj", "{DB069BAD-5B72-4EF9-9C9F-B284884A977F}"
EndProject
Project("{8BC9CEB8-8B4A-11D0-8D11-00A0C91BC942}") = "openGLtest0", "openGLtest0\openGLtest0.vcxproj", "{209F2889-7411-4B74-9884-5DD8853069B2}"
EndProject
Project("{8BC9CEB8-8B4A-11D0-8D11-00A0C91BC942}") = "Coordinate3D_2", "openGLtest8\openGLtest8.vcxproj", "{2E685BBE-3C37-423E-B2EF-F443CB912B6B}"
EndProject
Project("{8BC9CEB8-8B4A-11D0-8D11-00A0C91BC942}") = "Coordinate3D_test", "openGLtest9\openGLtest9.vcxproj", "{854E64B0-A2D9-4521-9DF6-66E427A26923}"
EndProject
Project("{8BC9CEB8-8B4A-11D0-8D11-00A0C91BC942}") = "allTest", "test\test.vcxproj", "{4544D0D3-552D-42D2-A3C3-9BFB967C75F6}"
EndProject
Project("{8BC9CEB8-8B4A-11D0-8D11-00A0C91BC942}") = "test2", "test2\test2.vcxproj", "{72D4A12E-A097-40B4-A484-F7F4BC5D2082}"
EndProject
Project("{8BC9CEB8-8B4A-11D0-8D11-00A0C91BC942}") = "openGLtest1", "openGLtest1\openGLtest1.vcxproj", "{CACCA373-0A1F-46CA-9149-D781861FB6DD}"
EndProject
Project("{8BC9CEB8-8B4A-11D0-8D11-00A0C91BC942}") = "openGLtest2", "openGLtest2\openGLtest2.vcxproj", "{A8705B38-B0B9-4367-B029-3EBF0FDE8293}"
EndProject
Project("{8BC9CEB8-8B4A-11D0-8D11-00A0C91BC942}") = "test3", "test3\test3.vcxproj", "{8C6D2B88-269B-4CC7-8AE0-F519FAB01FE4}"
EndProject
Project("{8BC9CEB8-8B4A-11D0-8D11-00A0C91BC942}") = "openGLWindow", "openGLWindow\openGLWindow.vcxproj", "{9B314B8D-B038-489F-B897-4A3182752333}"
EndProject
Project("{FAE04EC0-301F-11D3-BF4B-00C04F79EFBC}") = "CsharpWindow", "CsharpWindow\CsharpWindow.csproj", "{97E834DB-64BD-45EB-AE62-AE40CE710230}"
EndProject
Project("{8BC9CEB8-8B4A-11D0-8D11-00A0C91BC942}") = "OpenGL_WINDOW_OK", "OpenGL_WINDOW_OK\OpenGL_WINDOW_OK.vcxproj", "{A13ED34B-A425-4DB0-95A2-F93722E67A71}"
EndProject
Project("{8BC9CEB8-8B4A-11D0-8D11-00A0C91BC942}") = "ReadData", "ReadData\ReadData.vcxproj", "{2604F5B2-A575-4289-A9BF-CDDA1EEE1F60}"
EndProject
Project("{8BC9CEB8-8B4A-11D0-8D11-00A0C91BC942}") = "test4", "test4\test4.vcxproj", "{A0F73C26-E0A4-47BA-855A-0DC7C91F1CD8}"
EndProject
Project("{8BC9CEB8-8B4A-11D0-8D11-00A0C91BC942}") = "test5", "test5\test5.vcxproj", "{C3B15825-2B06-4329-8391-9B1186CFF569}"
EndProject
Project("{8BC9CEB8-8B4A-11D0-8D11-00A0C91BC942}") = "matrixModelView", "..\matrixModelView1204\src\matrixModelView.vcxproj", "{2E974401-EBF2-439D-A7CD-E66EC7AF15CA}"
EndProject
Global
	GlobalSection(SolutionConfigurationPlatforms) = preSolution
		Debug|Any CPU = Debug|Any CPU
		Debug|Win32 = Debug|Win32
		Debug|x64 = Debug|x64
		Debug|x86 = Debug|x86
		Release|Any CPU = Release|Any CPU
		Release|Win32 = Release|Win32
		Release|x64 = Release|x64
		Release|x86 = Release|x86
	EndGlobalSection
	GlobalSection(ProjectConfigurationPlatforms) = postSolution
		{74977EB8-82E4-47C1-91E7-447E10FB9020}.Debug|Any CPU.ActiveCfg = Debug|Win32
		{74977EB8-82E4-47C1-91E7-447E10FB9020}.Debug|Win32.ActiveCfg = Debug|Win32
		{74977EB8-82E4-47C1-91E7-447E10FB9020}.Debug|Win32.Build.0 = Debug|Win32
		{74977EB8-82E4-47C1-91E7-447E10FB9020}.Debug|x64.ActiveCfg = Debug|x64
		{74977EB8-82E4-47C1-91E7-447E10FB9020}.Debug|x64.Build.0 = Debug|x64
		{74977EB8-82E4-47C1-91E7-447E10FB9020}.Debug|x86.ActiveCfg = Debug|Win32
		{74977EB8-82E4-47C1-91E7-447E10FB9020}.Debug|x86.Build.0 = Debug|Win32
		{74977EB8-82E4-47C1-91E7-447E10FB9020}.Release|Any CPU.ActiveCfg = Release|Win32
		{74977EB8-82E4-47C1-91E7-447E10FB9020}.Release|Win32.ActiveCfg = Release|Win32
		{74977EB8-82E4-47C1-91E7-447E10FB9020}.Release|Win32.Build.0 = Release|Win32
		{74977EB8-82E4-47C1-91E7-447E10FB9020}.Release|x64.ActiveCfg = Release|x64
		{74977EB8-82E4-47C1-91E7-447E10FB9020}.Release|x64.Build.0 = Release|x64
		{74977EB8-82E4-47C1-91E7-447E10FB9020}.Release|x86.ActiveCfg = Release|Win32
		{74977EB8-82E4-47C1-91E7-447E10FB9020}.Release|x86.Build.0 = Release|Win32
		{153EDE23-70C1-4558-9953-A36DC73AF3A5}.Debug|Any CPU.ActiveCfg = Debug|Win32
		{153EDE23-70C1-4558-9953-A36DC73AF3A5}.Debug|Win32.ActiveCfg = Debug|Win32
		{153EDE23-70C1-4558-9953-A36DC73AF3A5}.Debug|Win32.Build.0 = Debug|Win32
		{153EDE23-70C1-4558-9953-A36DC73AF3A5}.Debug|x64.ActiveCfg = Debug|x64
		{153EDE23-70C1-4558-9953-A36DC73AF3A5}.Debug|x64.Build.0 = Debug|x64
		{153EDE23-70C1-4558-9953-A36DC73AF3A5}.Debug|x86.ActiveCfg = Debug|Win32
		{153EDE23-70C1-4558-9953-A36DC73AF3A5}.Debug|x86.Build.0 = Debug|Win32
		{153EDE23-70C1-4558-9953-A36DC73AF3A5}.Release|Any CPU.ActiveCfg = Release|Win32
		{153EDE23-70C1-4558-9953-A36DC73AF3A5}.Release|Win32.ActiveCfg = Release|Win32
		{153EDE23-70C1-4558-9953-A36DC73AF3A5}.Release|Win32.Build.0 = Release|Win32
		{153EDE23-70C1-4558-9953-A36DC73AF3A5}.Release|x64.ActiveCfg = Release|x64
		{153EDE23-70C1-4558-9953-A36DC73AF3A5}.Release|x64.Build.0 = Release|x64
		{153EDE23-70C1-4558-9953-A36DC73AF3A5}.Release|x86.ActiveCfg = Release|Win32
		{153EDE23-70C1-4558-9953-A36DC73AF3A5}.Release|x86.Build.0 = Release|Win32
		{7073BE1F-6FB0-4CD2-8F4D-E554629CB75E}.Debug|Any CPU.ActiveCfg = Debug|Win32
		{7073BE1F-6FB0-4CD2-8F4D-E554629CB75E}.Debug|Win32.ActiveCfg = Debug|Win32
		{7073BE1F-6FB0-4CD2-8F4D-E554629CB75E}.Debug|Win32.Build.0 = Debug|Win32
		{7073BE1F-6FB0-4CD2-8F4D-E554629CB75E}.Debug|x64.ActiveCfg = Debug|x64
		{7073BE1F-6FB0-4CD2-8F4D-E554629CB75E}.Debug|x64.Build.0 = Debug|x64
		{7073BE1F-6FB0-4CD2-8F4D-E554629CB75E}.Debug|x86.ActiveCfg = Debug|Win32
		{7073BE1F-6FB0-4CD2-8F4D-E554629CB75E}.Debug|x86.Build.0 = Debug|Win32
		{7073BE1F-6FB0-4CD2-8F4D-E554629CB75E}.Release|Any CPU.ActiveCfg = Release|Win32
		{7073BE1F-6FB0-4CD2-8F4D-E554629CB75E}.Release|Win32.ActiveCfg = Release|Win32
		{7073BE1F-6FB0-4CD2-8F4D-E554629CB75E}.Release|Win32.Build.0 = Release|Win32
		{7073BE1F-6FB0-4CD2-8F4D-E554629CB75E}.Release|x64.ActiveCfg = Release|x64
		{7073BE1F-6FB0-4CD2-8F4D-E554629CB75E}.Release|x64.Build.0 = Release|x64
		{7073BE1F-6FB0-4CD2-8F4D-E554629CB75E}.Release|x86.ActiveCfg = Release|Win32
		{7073BE1F-6FB0-4CD2-8F4D-E554629CB75E}.Release|x86.Build.0 = Release|Win32
		{C9EA3BFA-5478-43DA-B0FD-17D18B3B5F23}.Debug|Any CPU.ActiveCfg = Debug|Win32
		{C9EA3BFA-5478-43DA-B0FD-17D18B3B5F23}.Debug|Win32.ActiveCfg = Debug|Win32
		{C9EA3BFA-5478-43DA-B0FD-17D18B3B5F23}.Debug|Win32.Build.0 = Debug|Win32
		{C9EA3BFA-5478-43DA-B0FD-17D18B3B5F23}.Debug|x64.ActiveCfg = Debug|x64
		{C9EA3BFA-5478-43DA-B0FD-17D18B3B5F23}.Debug|x64.Build.0 = Debug|x64
		{C9EA3BFA-5478-43DA-B0FD-17D18B3B5F23}.Debug|x86.ActiveCfg = Debug|Win32
		{C9EA3BFA-5478-43DA-B0FD-17D18B3B5F23}.Debug|x86.Build.0 = Debug|Win32
		{C9EA3BFA-5478-43DA-B0FD-17D18B3B5F23}.Release|Any CPU.ActiveCfg = Release|Win32
		{C9EA3BFA-5478-43DA-B0FD-17D18B3B5F23}.Release|Win32.ActiveCfg = Release|Win32
		{C9EA3BFA-5478-43DA-B0FD-17D18B3B5F23}.Release|Win32.Build.0 = Release|Win32
		{C9EA3BFA-5478-43DA-B0FD-17D18B3B5F23}.Release|x64.ActiveCfg = Release|x64
		{C9EA3BFA-5478-43DA-B0FD-17D18B3B5F23}.Release|x64.Build.0 = Release|x64
		{C9EA3BFA-5478-43DA-B0FD-17D18B3B5F23}.Release|x86.ActiveCfg = Release|Win32
		{C9EA3BFA-5478-43DA-B0FD-17D18B3B5F23}.Release|x86.Build.0 = Release|Win32
		{0451F6C3-3FF6-4A05-862B-A5EA052D6AEC}.Debug|Any CPU.ActiveCfg = Debug|Win32
		{0451F6C3-3FF6-4A05-862B-A5EA052D6AEC}.Debug|Win32.ActiveCfg = Debug|Win32
		{0451F6C3-3FF6-4A05-862B-A5EA052D6AEC}.Debug|Win32.Build.0 = Debug|Win32
		{0451F6C3-3FF6-4A05-862B-A5EA052D6AEC}.Debug|x64.ActiveCfg = Debug|x64
		{0451F6C3-3FF6-4A05-862B-A5EA052D6AEC}.Debug|x64.Build.0 = Debug|x64
		{0451F6C3-3FF6-4A05-862B-A5EA052D6AEC}.Debug|x86.ActiveCfg = Debug|Win32
		{0451F6C3-3FF6-4A05-862B-A5EA052D6AEC}.Debug|x86.Build.0 = Debug|Win32
		{0451F6C3-3FF6-4A05-862B-A5EA052D6AEC}.Release|Any CPU.ActiveCfg = Release|Win32
		{0451F6C3-3FF6-4A05-862B-A5EA052D6AEC}.Release|Win32.ActiveCfg = Release|Win32
		{0451F6C3-3FF6-4A05-862B-A5EA052D6AEC}.Release|Win32.Build.0 = Release|Win32
		{0451F6C3-3FF6-4A05-862B-A5EA052D6AEC}.Release|x64.ActiveCfg = Release|x64
		{0451F6C3-3FF6-4A05-862B-A5EA052D6AEC}.Release|x64.Build.0 = Release|x64
		{0451F6C3-3FF6-4A05-862B-A5EA052D6AEC}.Release|x86.ActiveCfg = Release|Win32
		{0451F6C3-3FF6-4A05-862B-A5EA052D6AEC}.Release|x86.Build.0 = Release|Win32
		{DB069BAD-5B72-4EF9-9C9F-B284884A977F}.Debug|Any CPU.ActiveCfg = Debug|Win32
		{DB069BAD-5B72-4EF9-9C9F-B284884A977F}.Debug|Win32.ActiveCfg = Debug|Win32
		{DB069BAD-5B72-4EF9-9C9F-B284884A977F}.Debug|Win32.Build.0 = Debug|Win32
		{DB069BAD-5B72-4EF9-9C9F-B284884A977F}.Debug|x64.ActiveCfg = Debug|x64
		{DB069BAD-5B72-4EF9-9C9F-B284884A977F}.Debug|x64.Build.0 = Debug|x64
		{DB069BAD-5B72-4EF9-9C9F-B284884A977F}.Debug|x86.ActiveCfg = Debug|Win32
		{DB069BAD-5B72-4EF9-9C9F-B284884A977F}.Debug|x86.Build.0 = Debug|Win32
		{DB069BAD-5B72-4EF9-9C9F-B284884A977F}.Release|Any CPU.ActiveCfg = Release|Win32
		{DB069BAD-5B72-4EF9-9C9F-B284884A977F}.Release|Win32.ActiveCfg = Release|Win32
		{DB069BAD-5B72-4EF9-9C9F-B284884A977F}.Release|Win32.Build.0 = Release|Win32
		{DB069BAD-5B72-4EF9-9C9F-B284884A977F}.Release|x64.ActiveCfg = Release|x64
		{DB069BAD-5B72-4EF9-9C9F-B284884A977F}.Release|x64.Build.0 = Release|x64
		{DB069BAD-5B72-4EF9-9C9F-B284884A977F}.Release|x86.ActiveCfg = Release|Win32
		{DB069BAD-5B72-4EF9-9C9F-B284884A977F}.Release|x86.Build.0 = Release|Win32
		{209F2889-7411-4B74-9884-5DD8853069B2}.Debug|Any CPU.ActiveCfg = Debug|Win32
		{209F2889-7411-4B74-9884-5DD8853069B2}.Debug|Win32.ActiveCfg = Debug|Win32
		{209F2889-7411-4B74-9884-5DD8853069B2}.Debug|Win32.Build.0 = Debug|Win32
		{209F2889-7411-4B74-9884-5DD8853069B2}.Debug|x64.ActiveCfg = Debug|x64
		{209F2889-7411-4B74-9884-5DD8853069B2}.Debug|x64.Build.0 = Debug|x64
		{209F2889-7411-4B74-9884-5DD8853069B2}.Debug|x86.ActiveCfg = Debug|Win32
		{209F2889-7411-4B74-9884-5DD8853069B2}.Debug|x86.Build.0 = Debug|Win32
		{209F2889-7411-4B74-9884-5DD8853069B2}.Release|Any CPU.ActiveCfg = Release|Win32
		{209F2889-7411-4B74-9884-5DD8853069B2}.Release|Win32.ActiveCfg = Release|Win32
		{209F2889-7411-4B74-9884-5DD8853069B2}.Release|Win32.Build.0 = Release|Win32
		{209F2889-7411-4B74-9884-5DD8853069B2}.Release|x64.ActiveCfg = Release|x64
		{209F2889-7411-4B74-9884-5DD8853069B2}.Release|x64.Build.0 = Release|x64
		{209F2889-7411-4B74-9884-5DD8853069B2}.Release|x86.ActiveCfg = Release|Win32
		{209F2889-7411-4B74-9884-5DD8853069B2}.Release|x86.Build.0 = Release|Win32
		{2E685BBE-3C37-423E-B2EF-F443CB912B6B}.Debug|Any CPU.ActiveCfg = Debug|Win32
		{2E685BBE-3C37-423E-B2EF-F443CB912B6B}.Debug|Win32.ActiveCfg = Debug|Win32
		{2E685BBE-3C37-423E-B2EF-F443CB912B6B}.Debug|Win32.Build.0 = Debug|Win32
		{2E685BBE-3C37-423E-B2EF-F443CB912B6B}.Debug|x64.ActiveCfg = Debug|x64
		{2E685BBE-3C37-423E-B2EF-F443CB912B6B}.Debug|x64.Build.0 = Debug|x64
		{2E685BBE-3C37-423E-B2EF-F443CB912B6B}.Debug|x86.ActiveCfg = Debug|Win32
		{2E685BBE-3C37-423E-B2EF-F443CB912B6B}.Debug|x86.Build.0 = Debug|Win32
		{2E685BBE-3C37-423E-B2EF-F443CB912B6B}.Release|Any CPU.ActiveCfg = Release|Win32
		{2E685BBE-3C37-423E-B2EF-F443CB912B6B}.Release|Win32.ActiveCfg = Release|Win32
		{2E685BBE-3C37-423E-B2EF-F443CB912B6B}.Release|Win32.Build.0 = Release|Win32
		{2E685BBE-3C37-423E-B2EF-F443CB912B6B}.Release|x64.ActiveCfg = Release|x64
		{2E685BBE-3C37-423E-B2EF-F443CB912B6B}.Release|x64.Build.0 = Release|x64
		{2E685BBE-3C37-423E-B2EF-F443CB912B6B}.Release|x86.ActiveCfg = Release|Win32
		{2E685BBE-3C37-423E-B2EF-F443CB912B6B}.Release|x86.Build.0 = Release|Win32
		{854E64B0-A2D9-4521-9DF6-66E427A26923}.Debug|Any CPU.ActiveCfg = Debug|Win32
		{854E64B0-A2D9-4521-9DF6-66E427A26923}.Debug|Win32.ActiveCfg = Debug|Win32
		{854E64B0-A2D9-4521-9DF6-66E427A26923}.Debug|Win32.Build.0 = Debug|Win32
		{854E64B0-A2D9-4521-9DF6-66E427A26923}.Debug|x64.ActiveCfg = Debug|x64
		{854E64B0-A2D9-4521-9DF6-66E427A26923}.Debug|x64.Build.0 = Debug|x64
		{854E64B0-A2D9-4521-9DF6-66E427A26923}.Debug|x86.ActiveCfg = Debug|Win32
		{854E64B0-A2D9-4521-9DF6-66E427A26923}.Debug|x86.Build.0 = Debug|Win32
		{854E64B0-A2D9-4521-9DF6-66E427A26923}.Release|Any CPU.ActiveCfg = Release|Win32
		{854E64B0-A2D9-4521-9DF6-66E427A26923}.Release|Win32.ActiveCfg = Release|Win32
		{854E64B0-A2D9-4521-9DF6-66E427A26923}.Release|Win32.Build.0 = Release|Win32
		{854E64B0-A2D9-4521-9DF6-66E427A26923}.Release|x64.ActiveCfg = Release|x64
		{854E64B0-A2D9-4521-9DF6-66E427A26923}.Release|x64.Build.0 = Release|x64
		{854E64B0-A2D9-4521-9DF6-66E427A26923}.Release|x86.ActiveCfg = Release|Win32
		{854E64B0-A2D9-4521-9DF6-66E427A26923}.Release|x86.Build.0 = Release|Win32
		{4544D0D3-552D-42D2-A3C3-9BFB967C75F6}.Debug|Any CPU.ActiveCfg = Debug|Win32
		{4544D0D3-552D-42D2-A3C3-9BFB967C75F6}.Debug|Win32.ActiveCfg = Debug|Win32
		{4544D0D3-552D-42D2-A3C3-9BFB967C75F6}.Debug|Win32.Build.0 = Debug|Win32
		{4544D0D3-552D-42D2-A3C3-9BFB967C75F6}.Debug|x64.ActiveCfg = Debug|x64
		{4544D0D3-552D-42D2-A3C3-9BFB967C75F6}.Debug|x64.Build.0 = Debug|x64
		{4544D0D3-552D-42D2-A3C3-9BFB967C75F6}.Debug|x86.ActiveCfg = Debug|Win32
		{4544D0D3-552D-42D2-A3C3-9BFB967C75F6}.Debug|x86.Build.0 = Debug|Win32
		{4544D0D3-552D-42D2-A3C3-9BFB967C75F6}.Release|Any CPU.ActiveCfg = Release|Win32
		{4544D0D3-552D-42D2-A3C3-9BFB967C75F6}.Release|Win32.ActiveCfg = Release|Win32
		{4544D0D3-552D-42D2-A3C3-9BFB967C75F6}.Release|Win32.Build.0 = Release|Win32
		{4544D0D3-552D-42D2-A3C3-9BFB967C75F6}.Release|x64.ActiveCfg = Release|x64
		{4544D0D3-552D-42D2-A3C3-9BFB967C75F6}.Release|x64.Build.0 = Release|x64
		{4544D0D3-552D-42D2-A3C3-9BFB967C75F6}.Release|x86.ActiveCfg = Release|Win32
		{4544D0D3-552D-42D2-A3C3-9BFB967C75F6}.Release|x86.Build.0 = Release|Win32
		{72D4A12E-A097-40B4-A484-F7F4BC5D2082}.Debug|Any CPU.ActiveCfg = Debug|Win32
		{72D4A12E-A097-40B4-A484-F7F4BC5D2082}.Debug|Win32.ActiveCfg = Debug|Win32
		{72D4A12E-A097-40B4-A484-F7F4BC5D2082}.Debug|Win32.Build.0 = Debug|Win32
		{72D4A12E-A097-40B4-A484-F7F4BC5D2082}.Debug|x64.ActiveCfg = Debug|x64
		{72D4A12E-A097-40B4-A484-F7F4BC5D2082}.Debug|x64.Build.0 = Debug|x64
		{72D4A12E-A097-40B4-A484-F7F4BC5D2082}.Debug|x86.ActiveCfg = Debug|Win32
		{72D4A12E-A097-40B4-A484-F7F4BC5D2082}.Debug|x86.Build.0 = Debug|Win32
		{72D4A12E-A097-40B4-A484-F7F4BC5D2082}.Release|Any CPU.ActiveCfg = Release|Win32
		{72D4A12E-A097-40B4-A484-F7F4BC5D2082}.Release|Win32.ActiveCfg = Release|Win32
		{72D4A12E-A097-40B4-A484-F7F4BC5D2082}.Release|Win32.Build.0 = Release|Win32
		{72D4A12E-A097-40B4-A484-F7F4BC5D2082}.Release|x64.ActiveCfg = Release|x64
		{72D4A12E-A097-40B4-A484-F7F4BC5D2082}.Release|x64.Build.0 = Release|x64
		{72D4A12E-A097-40B4-A484-F7F4BC5D2082}.Release|x86.ActiveCfg = Release|Win32
		{72D4A12E-A097-40B4-A484-F7F4BC5D2082}.Release|x86.Build.0 = Release|Win32
		{CACCA373-0A1F-46CA-9149-D781861FB6DD}.Debug|Any CPU.ActiveCfg = Debug|Win32
		{CACCA373-0A1F-46CA-9149-D781861FB6DD}.Debug|Win32.ActiveCfg = Debug|Win32
		{CACCA373-0A1F-46CA-9149-D781861FB6DD}.Debug|Win32.Build.0 = Debug|Win32
		{CACCA373-0A1F-46CA-9149-D781861FB6DD}.Debug|x64.ActiveCfg = Debug|x64
		{CACCA373-0A1F-46CA-9149-D781861FB6DD}.Debug|x64.Build.0 = Debug|x64
		{CACCA373-0A1F-46CA-9149-D781861FB6DD}.Debug|x86.ActiveCfg = Debug|Win32
		{CACCA373-0A1F-46CA-9149-D781861FB6DD}.Debug|x86.Build.0 = Debug|Win32
		{CACCA373-0A1F-46CA-9149-D781861FB6DD}.Release|Any CPU.ActiveCfg = Release|Win32
		{CACCA373-0A1F-46CA-9149-D781861FB6DD}.Release|Win32.ActiveCfg = Release|Win32
		{CACCA373-0A1F-46CA-9149-D781861FB6DD}.Release|Win32.Build.0 = Release|Win32
		{CACCA373-0A1F-46CA-9149-D781861FB6DD}.Release|x64.ActiveCfg = Release|x64
		{CACCA373-0A1F-46CA-9149-D781861FB6DD}.Release|x64.Build.0 = Release|x64
		{CACCA373-0A1F-46CA-9149-D781861FB6DD}.Release|x86.ActiveCfg = Release|Win32
		{CACCA373-0A1F-46CA-9149-D781861FB6DD}.Release|x86.Build.0 = Release|Win32
		{A8705B38-B0B9-4367-B029-3EBF0FDE8293}.Debug|Any CPU.ActiveCfg = Debug|Win32
		{A8705B38-B0B9-4367-B029-3EBF0FDE8293}.Debug|Win32.ActiveCfg = Debug|Win32
		{A8705B38-B0B9-4367-B029-3EBF0FDE8293}.Debug|Win32.Build.0 = Debug|Win32
		{A8705B38-B0B9-4367-B029-3EBF0FDE8293}.Debug|x64.ActiveCfg = Debug|x64
		{A8705B38-B0B9-4367-B029-3EBF0FDE8293}.Debug|x64.Build.0 = Debug|x64
		{A8705B38-B0B9-4367-B029-3EBF0FDE8293}.Debug|x86.ActiveCfg = Debug|Win32
		{A8705B38-B0B9-4367-B029-3EBF0FDE8293}.Debug|x86.Build.0 = Debug|Win32
		{A8705B38-B0B9-4367-B029-3EBF0FDE8293}.Release|Any CPU.ActiveCfg = Release|Win32
		{A8705B38-B0B9-4367-B029-3EBF0FDE8293}.Release|Win32.ActiveCfg = Release|Win32
		{A8705B38-B0B9-4367-B029-3EBF0FDE8293}.Release|Win32.Build.0 = Release|Win32
		{A8705B38-B0B9-4367-B029-3EBF0FDE8293}.Release|x64.ActiveCfg = Release|x64
		{A8705B38-B0B9-4367-B029-3EBF0FDE8293}.Release|x64.Build.0 = Release|x64
		{A8705B38-B0B9-4367-B029-3EBF0FDE8293}.Release|x86.ActiveCfg = Release|Win32
		{A8705B38-B0B9-4367-B029-3EBF0FDE8293}.Release|x86.Build.0 = Release|Win32
		{8C6D2B88-269B-4CC7-8AE0-F519FAB01FE4}.Debug|Any CPU.ActiveCfg = Debug|Win32
		{8C6D2B88-269B-4CC7-8AE0-F519FAB01FE4}.Debug|Win32.ActiveCfg = Debug|Win32
		{8C6D2B88-269B-4CC7-8AE0-F519FAB01FE4}.Debug|Win32.Build.0 = Debug|Win32
		{8C6D2B88-269B-4CC7-8AE0-F519FAB01FE4}.Debug|x64.ActiveCfg = Debug|x64
		{8C6D2B88-269B-4CC7-8AE0-F519FAB01FE4}.Debug|x64.Build.0 = Debug|x64
		{8C6D2B88-269B-4CC7-8AE0-F519FAB01FE4}.Debug|x86.ActiveCfg = Debug|Win32
		{8C6D2B88-269B-4CC7-8AE0-F519FAB01FE4}.Debug|x86.Build.0 = Debug|Win32
		{8C6D2B88-269B-4CC7-8AE0-F519FAB01FE4}.Release|Any CPU.ActiveCfg = Release|Win32
		{8C6D2B88-269B-4CC7-8AE0-F519FAB01FE4}.Release|Win32.ActiveCfg = Release|Win32
		{8C6D2B88-269B-4CC7-8AE0-F519FAB01FE4}.Release|Win32.Build.0 = Release|Win32
		{8C6D2B88-269B-4CC7-8AE0-F519FAB01FE4}.Release|x64.ActiveCfg = Release|x64
		{8C6D2B88-269B-4CC7-8AE0-F519FAB01FE4}.Release|x64.Build.0 = Release|x64
		{8C6D2B88-269B-4CC7-8AE0-F519FAB01FE4}.Release|x86.ActiveCfg = Release|Win32
		{8C6D2B88-269B-4CC7-8AE0-F519FAB01FE4}.Release|x86.Build.0 = Release|Win32
		{9B314B8D-B038-489F-B897-4A3182752333}.Debug|Any CPU.ActiveCfg = Debug|Win32
		{9B314B8D-B038-489F-B897-4A3182752333}.Debug|Win32.ActiveCfg = Debug|Win32
		{9B314B8D-B038-489F-B897-4A3182752333}.Debug|Win32.Build.0 = Debug|Win32
		{9B314B8D-B038-489F-B897-4A3182752333}.Debug|x64.ActiveCfg = Debug|x64
		{9B314B8D-B038-489F-B897-4A3182752333}.Debug|x64.Build.0 = Debug|x64
		{9B314B8D-B038-489F-B897-4A3182752333}.Debug|x86.ActiveCfg = Debug|Win32
		{9B314B8D-B038-489F-B897-4A3182752333}.Debug|x86.Build.0 = Debug|Win32
		{9B314B8D-B038-489F-B897-4A3182752333}.Release|Any CPU.ActiveCfg = Release|Win32
		{9B314B8D-B038-489F-B897-4A3182752333}.Release|Win32.ActiveCfg = Release|Win32
		{9B314B8D-B038-489F-B897-4A3182752333}.Release|Win32.Build.0 = Release|Win32
		{9B314B8D-B038-489F-B897-4A3182752333}.Release|x64.ActiveCfg = Release|x64
		{9B314B8D-B038-489F-B897-4A3182752333}.Release|x64.Build.0 = Release|x64
		{9B314B8D-B038-489F-B897-4A3182752333}.Release|x86.ActiveCfg = Release|Win32
		{9B314B8D-B038-489F-B897-4A3182752333}.Release|x86.Build.0 = Release|Win32
		{97E834DB-64BD-45EB-AE62-AE40CE710230}.Debug|Any CPU.ActiveCfg = Debug|Any CPU
		{97E834DB-64BD-45EB-AE62-AE40CE710230}.Debug|Any CPU.Build.0 = Debug|Any CPU
		{97E834DB-64BD-45EB-AE62-AE40CE710230}.Debug|Win32.ActiveCfg = Debug|Any CPU
		{97E834DB-64BD-45EB-AE62-AE40CE710230}.Debug|Win32.Build.0 = Debug|Any CPU
		{97E834DB-64BD-45EB-AE62-AE40CE710230}.Debug|x64.ActiveCfg = Debug|Any CPU
		{97E834DB-64BD-45EB-AE62-AE40CE710230}.Debug|x64.Build.0 = Debug|Any CPU
		{97E834DB-64BD-45EB-AE62-AE40CE710230}.Debug|x86.ActiveCfg = Debug|Any CPU
		{97E834DB-64BD-45EB-AE62-AE40CE710230}.Debug|x86.Build.0 = Debug|Any CPU
		{97E834DB-64BD-45EB-AE62-AE40CE710230}.Release|Any CPU.ActiveCfg = Release|Any CPU
		{97E834DB-64BD-45EB-AE62-AE40CE710230}.Release|Any CPU.Build.0 = Release|Any CPU
		{97E834DB-64BD-45EB-AE62-AE40CE710230}.Release|Win32.ActiveCfg = Release|Any CPU
		{97E834DB-64BD-45EB-AE62-AE40CE710230}.Release|Win32.Build.0 = Release|Any CPU
		{97E834DB-64BD-45EB-AE62-AE40CE710230}.Release|x64.ActiveCfg = Release|Any CPU
		{97E834DB-64BD-45EB-AE62-AE40CE710230}.Release|x64.Build.0 = Release|Any CPU
		{97E834DB-64BD-45EB-AE62-AE40CE710230}.Release|x86.ActiveCfg = Release|Any CPU
		{97E834DB-64BD-45EB-AE62-AE40CE710230}.Release|x86.Build.0 = Release|Any CPU
		{A13ED34B-A425-4DB0-95A2-F93722E67A71}.Debug|Any CPU.ActiveCfg = Debug|Win32
		{A13ED34B-A425-4DB0-95A2-F93722E67A71}.Debug|Win32.ActiveCfg = Debug|Win32
		{A13ED34B-A425-4DB0-95A2-F93722E67A71}.Debug|Win32.Build.0 = Debug|Win32
		{A13ED34B-A425-4DB0-95A2-F93722E67A71}.Debug|x64.ActiveCfg = Debug|x64
		{A13ED34B-A425-4DB0-95A2-F93722E67A71}.Debug|x64.Build.0 = Debug|x64
		{A13ED34B-A425-4DB0-95A2-F93722E67A71}.Debug|x86.ActiveCfg = Debug|Win32
		{A13ED34B-A425-4DB0-95A2-F93722E67A71}.Debug|x86.Build.0 = Debug|Win32
		{A13ED34B-A425-4DB0-95A2-F93722E67A71}.Release|Any CPU.ActiveCfg = Release|Win32
		{A13ED34B-A425-4DB0-95A2-F93722E67A71}.Release|Win32.ActiveCfg = Release|Win32
		{A13ED34B-A425-4DB0-95A2-F93722E67A71}.Release|Win32.Build.0 = Release|Win32
		{A13ED34B-A425-4DB0-95A2-F93722E67A71}.Release|x64.ActiveCfg = Release|x64
		{A13ED34B-A425-4DB0-95A2-F93722E67A71}.Release|x64.Build.0 = Release|x64
		{A13ED34B-A425-4DB0-95A2-F93722E67A71}.Release|x86.ActiveCfg = Release|Win32
		{A13ED34B-A425-4DB0-95A2-F93722E67A71}.Release|x86.Build.0 = Release|Win32
		{2604F5B2-A575-4289-A9BF-CDDA1EEE1F60}.Debug|Any CPU.ActiveCfg = Debug|Win32
		{2604F5B2-A575-4289-A9BF-CDDA1EEE1F60}.Debug|Win32.ActiveCfg = Debug|Win32
		{2604F5B2-A575-4289-A9BF-CDDA1EEE1F60}.Debug|Win32.Build.0 = Debug|Win32
		{2604F5B2-A575-4289-A9BF-CDDA1EEE1F60}.Debug|x64.ActiveCfg = Debug|x64
		{2604F5B2-A575-4289-A9BF-CDDA1EEE1F60}.Debug|x64.Build.0 = Debug|x64
		{2604F5B2-A575-4289-A9BF-CDDA1EEE1F60}.Debug|x86.ActiveCfg = Debug|Win32
		{2604F5B2-A575-4289-A9BF-CDDA1EEE1F60}.Debug|x86.Build.0 = Debug|Win32
		{2604F5B2-A575-4289-A9BF-CDDA1EEE1F60}.Release|Any CPU.ActiveCfg = Release|Win32
		{2604F5B2-A575-4289-A9BF-CDDA1EEE1F60}.Release|Win32.ActiveCfg = Release|Win32
		{2604F5B2-A575-4289-A9BF-CDDA1EEE1F60}.Release|Win32.Build.0 = Release|Win32
		{2604F5B2-A575-4289-A9BF-CDDA1EEE1F60}.Release|x64.ActiveCfg = Release|x64
		{2604F5B2-A575-4289-A9BF-CDDA1EEE1F60}.Release|x64.Build.0 = Release|x64
		{2604F5B2-A575-4289-A9BF-CDDA1EEE1F60}.Release|x86.ActiveCfg = Release|Win32
		{2604F5B2-A575-4289-A9BF-CDDA1EEE1F60}.Release|x86.Build.0 = Release|Win32
		{A0F73C26-E0A4-47BA-855A-0DC7C91F1CD8}.Debug|Any CPU.ActiveCfg = Debug|Win32
		{A0F73C26-E0A4-47BA-855A-0DC7C91F1CD8}.Debug|Win32.ActiveCfg = Debug|Win32
		{A0F73C26-E0A4-47BA-855A-0DC7C91F1CD8}.Debug|Win32.Build.0 = Debug|Win32
		{A0F73C26-E0A4-47BA-855A-0DC7C91F1CD8}.Debug|x64.ActiveCfg = Debug|x64
		{A0F73C26-E0A4-47BA-855A-0DC7C91F1CD8}.Debug|x64.Build.0 = Debug|x64
		{A0F73C26-E0A4-47BA-855A-0DC7C91F1CD8}.Debug|x86.ActiveCfg = Debug|Win32
		{A0F73C26-E0A4-47BA-855A-0DC7C91F1CD8}.Debug|x86.Build.0 = Debug|Win32
		{A0F73C26-E0A4-47BA-855A-0DC7C91F1CD8}.Release|Any CPU.ActiveCfg = Release|Win32
		{A0F73C26-E0A4-47BA-855A-0DC7C91F1CD8}.Release|Win32.ActiveCfg = Release|Win32
		{A0F73C26-E0A4-47BA-855A-0DC7C91F1CD8}.Release|Win32.Build.0 = Release|Win32
		{A0F73C26-E0A4-47BA-855A-0DC7C91F1CD8}.Release|x64.ActiveCfg = Release|x64
		{A0F73C26-E0A4-47BA-855A-0DC7C91F1CD8}.Release|x64.Build.0 = Release|x64
		{A0F73C26-E0A4-47BA-855A-0DC7C91F1CD8}.Release|x86.ActiveCfg = Release|Win32
		{A0F73C26-E0A4-47BA-855A-0DC7C91F1CD8}.Release|x86.Build.0 = Release|Win32
		{C3B15825-2B06-4329-8391-9B1186CFF569}.Debug|Any CPU.ActiveCfg = Debug|Win32
		{C3B15825-2B06-4329-8391-9B1186CFF569}.Debug|Win32.ActiveCfg = Debug|Win32
		{C3B15825-2B06-4329-8391-9B1186CFF569}.Debug|Win32.Build.0 = Debug|Win32
		{C3B15825-2B06-4329-8391-9B1186CFF569}.Debug|x64.ActiveCfg = Debug|x64
		{C3B15825-2B06-4329-8391-9B1186CFF569}.Debug|x64.Build.0 = Debug|x64
		{C3B15825-2B06-4329-8391-9B1186CFF569}.Debug|x86.ActiveCfg = Debug|Win32
		{C3B15825-2B06-4329-8391-9B1186CFF569}.Debug|x86.Build.0 = Debug|Win32
		{C3B15825-2B06-4329-8391-9B1186CFF569}.Release|Any CPU.ActiveCfg = Release|Win32
		{C3B15825-2B06-4329-8391-9B1186CFF569}.Release|Win32.ActiveCfg = Release|Win32
		{C3B15825-2B06-4329-8391-9B1186CFF569}.Release|Win32.Build.0 = Release|Win32
		{C3B15825-2B06-4329-8391-9B1186CFF569}.Release|x64.ActiveCfg = Release|x64
		{C3B15825-2B06-4329-8391-9B1186CFF569}.Release|x64.Build.0 = Release|x64
		{C3B15825-2B06-4329-8391-9B1186CFF569}.Release|x86.ActiveCfg = Release|Win32
		{C3B15825-2B06-4329-8391-9B1186CFF569}.Release|x86.Build.0 = Release|Win32
		{2E974401-EBF2-439D-A7CD-E66EC7AF15CA}.Debug|Any CPU.ActiveCfg = Debug|Win32
		{2E974401-EBF2-439D-A7CD-E66EC7AF15CA}.Debug|Win32.ActiveCfg = Debug|Win32
		{2E974401-EBF2-439D-A7CD-E66EC7AF15CA}.Debug|Win32.Build.0 = Debug|Win32
		{2E974401-EBF2-439D-A7CD-E66EC7AF15CA}.Debug|x64.ActiveCfg = Debug|x64
		{2E974401-EBF2-439D-A7CD-E66EC7AF15CA}.Debug|x64.Build.0 = Debug|x64
		{2E974401-EBF2-439D-A7CD-E66EC7AF15CA}.Debug|x86.ActiveCfg = Debug|Win32
		{2E974401-EBF2-439D-A7CD-E66EC7AF15CA}.Debug|x86.Build.0 = Debug|Win32
		{2E974401-EBF2-439D-A7CD-E66EC7AF15CA}.Release|Any CPU.ActiveCfg = Release|Win32
		{2E974401-EBF2-439D-A7CD-E66EC7AF15CA}.Release|Win32.ActiveCfg = Release|Win32
		{2E974401-EBF2-439D-A7CD-E66EC7AF15CA}.Release|Win32.Build.0 = Release|Win32
		{2E974401-EBF2-439D-A7CD-E66EC7AF15CA}.Release|x64.ActiveCfg = Release|x64
		{2E974401-EBF2-439D-A7CD-E66EC7AF15CA}.Release|x64.Build.0 = Release|x64
		{2E974401-EBF2-439D-A7CD-E66EC7AF15CA}.Release|x86.ActiveCfg = Release|Win32
		{2E974401-EBF2-439D-A7CD-E66EC7AF15CA}.Release|x86.Build.0 = Release|Win32
	EndGlobalSection
	GlobalSection(SolutionProperties) = preSolution
		HideSolutionNode = FALSE
	EndGlobalSection
	GlobalSection(ExtensibilityGlobals) = postSolution
		SolutionGuid = {4AA1A808-7D76-4E04-A4A9-17085AF6BE02}
	EndGlobalSection
EndGlobal
